
Microsoft Visual Studio Solution File, Format Version 12.00
# Visual Studio Version 16
VisualStudioVersion = 16.0.31624.102
MinimumVisualStudioVersion = 10.0.40219.1
Project("{9A19103F-16F7-4668-BE54-9A1E7A4F7556}") = "Entities", "Entities\Entities.csproj", "{D6B0F121-0E1D-4331-888C-59117829780D}"
EndProject
Project("{9A19103F-16F7-4668-BE54-9A1E7A4F7556}") = "DataAccess", "DataAccess\DataAccess.csproj", "{AB290356-B1D3-43FA-8711-270A0D68CAC2}"
EndProject
Project("{9A19103F-16F7-4668-BE54-9A1E7A4F7556}") = "Business", "Business\Business.csproj", "{36D7B57F-F507-43D7-AC53-4F485E1C7033}"
EndProject
Project("{9A19103F-16F7-4668-BE54-9A1E7A4F7556}") = "ConsoleUI", "ConsoleUI\ConsoleUI.csproj", "{0CCD3DEF-7DC4-4160-8DB0-E4ADD6CD7E29}"
EndProject
Project("{FAE04EC0-301F-11D3-BF4B-00C04F79EFBC}") = "Core", "Core\Core.csproj", "{B08F0D3A-14E5-4BE1-8716-8D1079E2D120}"
EndProject
Global
	GlobalSection(SolutionConfigurationPlatforms) = preSolution
		Debug|Any CPU = Debug|Any CPU
		Release|Any CPU = Release|Any CPU
	EndGlobalSection
	GlobalSection(ProjectConfigurationPlatforms) = postSolution
		{D6B0F121-0E1D-4331-888C-59117829780D}.Debug|Any CPU.ActiveCfg = Debug|Any CPU
		{D6B0F121-0E1D-4331-888C-59117829780D}.Debug|Any CPU.Build.0 = Debug|Any CPU
		{D6B0F121-0E1D-4331-888C-59117829780D}.Release|Any CPU.ActiveCfg = Release|Any CPU
		{D6B0F121-0E1D-4331-888C-59117829780D}.Release|Any CPU.Build.0 = Release|Any CPU
		{AB290356-B1D3-43FA-8711-270A0D68CAC2}.Debug|Any CPU.ActiveCfg = Debug|Any CPU
		{AB290356-B1D3-43FA-8711-270A0D68CAC2}.Debug|Any CPU.Build.0 = Debug|Any CPU
		{AB290356-B1D3-43FA-8711-270A0D68CAC2}.Release|Any CPU.ActiveCfg = Release|Any CPU
		{AB290356-B1D3-43FA-8711-270A0D68CAC2}.Release|Any CPU.Build.0 = Release|Any CPU
		{36D7B57F-F507-43D7-AC53-4F485E1C7033}.Debug|Any CPU.ActiveCfg = Debug|Any CPU
		{36D7B57F-F507-43D7-AC53-4F485E1C7033}.Debug|Any CPU.Build.0 = Debug|Any CPU
		{36D7B57F-F507-43D7-AC53-4F485E1C7033}.Release|Any CPU.ActiveCfg = Release|Any CPU
		{36D7B57F-F507-43D7-AC53-4F485E1C7033}.Release|Any CPU.Build.0 = Release|Any CPU
		{0CCD3DEF-7DC4-4160-8DB0-E4ADD6CD7E29}.Debug|Any CPU.ActiveCfg = Debug|Any CPU
		{0CCD3DEF-7DC4-4160-8DB0-E4ADD6CD7E29}.Debug|Any CPU.Build.0 = Debug|Any CPU
		{0CCD3DEF-7DC4-4160-8DB0-E4ADD6CD7E29}.Release|Any CPU.ActiveCfg = Release|Any CPU
		{0CCD3DEF-7DC4-4160-8DB0-E4ADD6CD7E29}.Release|Any CPU.Build.0 = Release|Any CPU
		{B08F0D3A-14E5-4BE1-8716-8D1079E2D120}.Debug|Any CPU.ActiveCfg = Debug|Any CPU
		{B08F0D3A-14E5-4BE1-8716-8D1079E2D120}.Debug|Any CPU.Build.0 = Debug|Any CPU
		{B08F0D3A-14E5-4BE1-8716-8D1079E2D120}.Release|Any CPU.ActiveCfg = Release|Any CPU
		{B08F0D3A-14E5-4BE1-8716-8D1079E2D120}.Release|Any CPU.Build.0 = Release|Any CPU
	EndGlobalSection
	GlobalSection(SolutionProperties) = preSolution
		HideSolutionNode = FALSE
	EndGlobalSection
	GlobalSection(ExtensibilityGlobals) = postSolution
		SolutionGuid = {6F1DA3D9-0B06-4735-B181-A8D1062C0F2E}
	EndGlobalSection
EndGlobal
